PODS:
  - VeaconSDK (0.3)

DEPENDENCIES:
  - VeaconSDK (from `https://github.com/Valensas/VeaconSDK.git`)

EXTERNAL SOURCES:
  VeaconSDK:
    :git: https://github.com/Valensas/VeaconSDK.git

CHECKOUT OPTIONS:
  VeaconSDK:
    :commit: e0c2a9a3b6ba79190a37fc03d864753b4fbc7163
    :git: https://github.com/Valensas/VeaconSDK.git

SPEC CHECKSUMS:
  VeaconSDK: ccee90fe26324db8d51c86706a703a452c63dd34

COCOAPODS: 0.38.2
